
Microsoft Visual Studio Solution File, Format Version 12.00
# Visual Studio 15
VisualStudioVersion = 15.0.28307.421
MinimumVisualStudioVersion = 10.0.40219.1
Project("{FAE04EC0-301F-11D3-BF4B-00C04F79EFBC}") = "VavinGiyim", "VavinGiyim\VavinGiyim.csproj", "{C0745E4C-6EA4-4DEA-8CC9-8692A7647F7D}"
EndProject
Global
	GlobalSection(SolutionConfigurationPlatforms) = preSolution
		Debug|Any CPU = Debug|Any CPU
		Release|Any CPU = Release|Any CPU
	EndGlobalSection
	GlobalSection(ProjectConfigurationPlatforms) = postSolution
		{C0745E4C-6EA4-4DEA-8CC9-8692A7647F7D}.Debug|Any CPU.ActiveCfg = Debug|Any CPU
		{C0745E4C-6EA4-4DEA-8CC9-8692A7647F7D}.Debug|Any CPU.Build.0 = Debug|Any CPU
		{C0745E4C-6EA4-4DEA-8CC9-8692A7647F7D}.Release|Any CPU.ActiveCfg = Release|Any CPU
		{C0745E4C-6EA4-4DEA-8CC9-8692A7647F7D}.Release|Any CPU.Build.0 = Release|Any CPU
	EndGlobalSection
	GlobalSection(SolutionProperties) = preSolution
		HideSolutionNode = FALSE
	EndGlobalSection
	GlobalSection(ExtensibilityGlobals) = postSolution
		SolutionGuid = {D2EA8F61-9441-4242-B9EF-3CFF3C18D204}
	EndGlobalSection
EndGlobal
